
Microsoft Visual Studio Solution File, Format Version 12.00
# Visual Studio Version 16
VisualStudioVersion = 16.0.31624.102
MinimumVisualStudioVersion = 10.0.40219.1
Project("{FAE04EC0-301F-11D3-BF4B-00C04F79EFBC}") = "Lib", "Lib.csproj", "{74511D57-BFFE-4370-AFAD-54579CD60A56}"
EndProject
Project("{FAE04EC0-301F-11D3-BF4B-00C04F79EFBC}") = "API", "..\API\API.csproj", "{F7D090BA-9990-4605-B7D4-7A3D8A8016DB}"
EndProject
Project("{FAE04EC0-301F-11D3-BF4B-00C04F79EFBC}") = "Game", "..\Game\Game.csproj", "{0773A3E9-AFBA-4F0B-A94F-DC40E41660BD}"
EndProject
Global
	GlobalSection(SolutionConfigurationPlatforms) = preSolution
		Debug|Any CPU = Debug|Any CPU
		Release|Any CPU = Release|Any CPU
	EndGlobalSection
	GlobalSection(ProjectConfigurationPlatforms) = postSolution
		{74511D57-BFFE-4370-AFAD-54579CD60A56}.Debug|Any CPU.ActiveCfg = Debug|Any CPU
		{74511D57-BFFE-4370-AFAD-54579CD60A56}.Debug|Any CPU.Build.0 = Debug|Any CPU
		{74511D57-BFFE-4370-AFAD-54579CD60A56}.Release|Any CPU.ActiveCfg = Release|Any CPU
		{74511D57-BFFE-4370-AFAD-54579CD60A56}.Release|Any CPU.Build.0 = Release|Any CPU
		{F7D090BA-9990-4605-B7D4-7A3D8A8016DB}.Debug|Any CPU.ActiveCfg = Debug|Any CPU
		{F7D090BA-9990-4605-B7D4-7A3D8A8016DB}.Debug|Any CPU.Build.0 = Debug|Any CPU
		{F7D090BA-9990-4605-B7D4-7A3D8A8016DB}.Release|Any CPU.ActiveCfg = Release|Any CPU
		{F7D090BA-9990-4605-B7D4-7A3D8A8016DB}.Release|Any CPU.Build.0 = Release|Any CPU
		{0773A3E9-AFBA-4F0B-A94F-DC40E41660BD}.Debug|Any CPU.ActiveCfg = Debug|Any CPU
		{0773A3E9-AFBA-4F0B-A94F-DC40E41660BD}.Debug|Any CPU.Build.0 = Debug|Any CPU
		{0773A3E9-AFBA-4F0B-A94F-DC40E41660BD}.Release|Any CPU.ActiveCfg = Release|Any CPU
		{0773A3E9-AFBA-4F0B-A94F-DC40E41660BD}.Release|Any CPU.Build.0 = Release|Any CPU
	EndGlobalSection
	GlobalSection(SolutionProperties) = preSolution
		HideSolutionNode = FALSE
	EndGlobalSection
	GlobalSection(ExtensibilityGlobals) = postSolution
		SolutionGuid = {F40213B8-0932-4F6A-A53A-38D5EF47571C}
	EndGlobalSection
EndGlobal
